
Microsoft Visual Studio Solution File, Format Version 12.00
# Visual Studio 15
VisualStudioVersion = 15.0.28010.2036
MinimumVisualStudioVersion = 10.0.40219.1
Project("{FAE04EC0-301F-11D3-BF4B-00C04F79EFBC}") = "web_api03Azure", "web_api03Azure\web_api03Azure.csproj", "{0AAA8A04-5109-48F0-989E-FEAE52EB4835}"
EndProject
Global
	GlobalSection(SolutionConfigurationPlatforms) = preSolution
		Debug|Any CPU = Debug|Any CPU
		Release|Any CPU = Release|Any CPU
	EndGlobalSection
	GlobalSection(ProjectConfigurationPlatforms) = postSolution
		{0AAA8A04-5109-48F0-989E-FEAE52EB4835}.Debug|Any CPU.ActiveCfg = Debug|Any CPU
		{0AAA8A04-5109-48F0-989E-FEAE52EB4835}.Debug|Any CPU.Build.0 = Debug|Any CPU
		{0AAA8A04-5109-48F0-989E-FEAE52EB4835}.Release|Any CPU.ActiveCfg = Release|Any CPU
		{0AAA8A04-5109-48F0-989E-FEAE52EB4835}.Release|Any CPU.Build.0 = Release|Any CPU
	EndGlobalSection
	GlobalSection(SolutionProperties) = preSolution
		HideSolutionNode = FALSE
	EndGlobalSection
	GlobalSection(ExtensibilityGlobals) = postSolution
		SolutionGuid = {5C4B18A8-5145-47EC-AE6F-2595ED37C7B8}
	EndGlobalSection
EndGlobal
